
Microsoft Visual Studio Solution File, Format Version 12.00
# Visual Studio Version 16
VisualStudioVersion = 16.0.29911.84
MinimumVisualStudioVersion = 10.0.40219.1
Project("{FAE04EC0-301F-11D3-BF4B-00C04F79EFBC}") = "TextWriter", "TextWriter.csproj", "{C63EDA79-CB52-4589-A57A-E3A37F3FAD67}"
EndProject
Global
	GlobalSection(SolutionConfigurationPlatforms) = preSolution
		Debug|Any CPU = Debug|Any CPU
		Release|Any CPU = Release|Any CPU
	EndGlobalSection
	GlobalSection(ProjectConfigurationPlatforms) = postSolution
		{C63EDA79-CB52-4589-A57A-E3A37F3FAD67}.Debug|Any CPU.ActiveCfg = Debug|Any CPU
		{C63EDA79-CB52-4589-A57A-E3A37F3FAD67}.Debug|Any CPU.Build.0 = Debug|Any CPU
		{C63EDA79-CB52-4589-A57A-E3A37F3FAD67}.Release|Any CPU.ActiveCfg = Release|Any CPU
		{C63EDA79-CB52-4589-A57A-E3A37F3FAD67}.Release|Any CPU.Build.0 = Release|Any CPU
	EndGlobalSection
	GlobalSection(SolutionProperties) = preSolution
		HideSolutionNode = FALSE
	EndGlobalSection
	GlobalSection(ExtensibilityGlobals) = postSolution
		SolutionGuid = {5F215B28-9B4C-4841-859D-68A74CA83FC1}
	EndGlobalSection
EndGlobal
